{
  "name": "bootstrap",
  "lockfileVersion": 3,
  "requires": true,
  "packages": {
    "": {
      "dependencies": {
        "@awesome.me/kit-6d19f17a5c": "^1.0.5",
        "@popperjs/core": "^2.11.8",
        "bootstrap": "^5.3.4"
      }
    },
    "node_modules/@awesome.me/kit-6d19f17a5c": {
      "version": "1.0.5",
      "resolved": "https://npm.fontawesome.com/@awesome.me/kit-6d19f17a5c/-/kit-6d19f17a5c-1.0.5.tgz",
      "integrity": "sha512-7wREskYng3LtXs3Xc2dbG0QpNpEMzJtZ0+XFjx/ql0c0a6GPBvV4/6H89igz57jfCTHlrOImVb6Bk32h7AMfTQ==",
      "license": "UNLICENSED",
      "dependencies": {
        "@fortawesome/fontawesome-common-types": "^7.2.0"
      },
      "engines": {
        "node": ">=16"
      }
    },
    "node_modules/@fortawesome/fontawesome-common-types": {
      "version": "7.2.0",
      "resolved": "https://npm.fontawesome.com/@fortawesome/fontawesome-common-types/-/fontawesome-common-types-7.2.0.tgz",
      "integrity": "sha512-IpR0bER9FY25p+e7BmFH25MZKEwFHTfRAfhOyJubgiDnoJNsSvJ7nigLraHtp4VOG/cy8D7uiV0dLkHOne5Fhw==",
      "license": "MIT",
      "engines": {
        "node": ">=6"
      }
    },
    "node_modules/@popperjs/core": {
      "version": "2.11.8",
      "resolved": "https://registry.npmjs.org/@popperjs/core/-/core-2.11.8.tgz",
      "integrity": "sha512-P1st0aksCrn9sGZhp8GMYwBnQsbvAWsZAX44oXNNvLHGqAOcoVxmjZiohstwQ7SqKnbR47akdNi+uleWD8+g6A==",
      "license": "MIT",
      "funding": {
        "type": "opencollective",
        "url": "https://opencollective.com/popperjs"
      }
    },
    "node_modules/bootstrap": {
      "version": "5.3.8",
      "resolved": "https://registry.npmjs.org/bootstrap/-/bootstrap-5.3.8.tgz",
      "integrity": "sha512-HP1SZDqaLDPwsNiqRqi5NcP0SSXciX2s9E+RyqJIIqGo+vJeN5AJVM98CXmW/Wux0nQ5L7jeWUdplCEf0Ee+tg==",
      "funding": [
        {
          "type": "github",
          "url": "https://github.com/sponsors/twbs"
        },
        {
          "type": "opencollective",
          "url": "https://opencollective.com/bootstrap"
        }
      ],
      "license": "MIT",
      "peerDependencies": {
        "@popperjs/core": "^2.11.8"
      }
    }
  }
}
